<?xml version="1.0" encoding="utf-8"?>
<Project ToolsVersion="4.0" xmlns="http://schemas.microsoft.com/developer/msbuild/2003">
  <ItemGroup>
    <Filter Include="Source Files">
      <UniqueIdentifier>{4FC737F1-C7A5-4376-A066-2A32D752A2FF}</UniqueIdentifier>
      <Extensions>cpp;c;cc;cxx;def;odl;idl;hpj;bat;asm;asmx</Extensions>
    </Filter>
    <Filter Include="Header Files">
      <UniqueIdentifier>{93995380-89BD-4b04-88EB-625FBE52EBFB}</UniqueIdentifier>
      <Extensions>h;hh;hpp;hxx;hm;inl;inc;xsd</Extensions>
    </Filter>
    <Filter Include="Resource Files">
      <UniqueIdentifier>{67DA6AB6-F800-4c08-8B7A-83BB121AAD01}</UniqueIdentifier>
      <Extensions>rc;ico;cur;bmp;dlg;rc2;rct;bin;rgs;gif;jpg;jpeg;jpe;resx;tiff;tif;png;mfcribbon-ms</Extensions>
    </Filter>
    <Filter Include="Shaders">
      <UniqueIdentifier>{8b6c92a8-f65d-451e-80e3-d65773602b92}</UniqueIdentifier>
    </Filter>
    <Filter Include="Sounds">
      <UniqueIdentifier>{3b45f19a-17ba-4a39-9b83-5d649fbc2669}</UniqueIdentifier>
      <Extensions>wav;</Extensions>
    </Filter>
    <Filter Include="Source Files\Game">
      <UniqueIdentifier>{d084a010-6804-4201-a304-cec79fd091c9}</UniqueIdentifier>
    </Filter>
    <Filter Include="Source Files\Engine">
      <UniqueIdentifier>{ab5c85aa-4f4e-4e03-b756-90e90376aa44}</UniqueIdentifier>
    </Filter>
    <Filter Include="Source Files\Engine Extensions">
      <UniqueIdentifier>{9c2136fa-eb41-4780-bfd0-2cebac45ddd6}</UniqueIdentifier>
    </Filter>
    <Filter Include="Header Files\Game">
      <UniqueIdentifier>{3efcff3e-74a0-4871-aba9-f10509dc91e8}</UniqueIdentifier>
    </Filter>
    <Filter Include="Header Files\Engine">
      <UniqueIdentifier>{3edc0648-b096-4772-9d71-60758061479a}</UniqueIdentifier>
    </Filter>
    <Filter Include="Header Files\Engine Extensions">
      <UniqueIdentifier>{4973be86-ff3a-4482-8065-8151ac1b0e97}</UniqueIdentifier>
    </Filter>
  </ItemGroup>
  <ItemGroup>
    <ClInclude Include="Ball.h">
      <Filter>Header Files\Game</Filter>
    </ClInclude>
    <ClInclude Include="Beveler.h">
      <Filter>Header Files\Game</Filter>
    </ClInclude>
    <ClInclude Include="Brick.h">
      <Filter>Header Files\Game</Filter>
    </ClInclude>
    <ClInclude Include="Game.h">
      <Filter>Header Files\Game</Filter>
    </ClInclude>
    <ClInclude Include="Paddle.h">
      <Filter>Header Files\Game</Filter>
    </ClInclude>
    <ClInclude Include="RectF.h">
      <Filter>Header Files\Game</Filter>
    </ClInclude>
    <ClInclude Include="Walls.h">
      <Filter>Header Files\Game</Filter>
    </ClInclude>
    <ClInclude Include="Colors.h">
      <Filter>Header Files\Engine</Filter>
    </ClInclude>
    <ClInclude Include="DXErr.h">
      <Filter>Header Files\Engine</Filter>
    </ClInclude>
    <ClInclude Include="Graphics.h">
      <Filter>Header Files\Engine</Filter>
    </ClInclude>
    <ClInclude Include="ChiliException.h">
      <Filter>Header Files\Engine</Filter>
    </ClInclude>
    <ClInclude Include="ChiliWin.h">
      <Filter>Header Files\Engine</Filter>
    </ClInclude>
    <ClInclude Include="Keyboard.h">
      <Filter>Header Files\Engine</Filter>
    </ClInclude>
    <ClInclude Include="MainWindow.h">
      <Filter>Header Files\Engine</Filter>
    </ClInclude>
    <ClInclude Include="Mouse.h">
      <Filter>Header Files\Engine</Filter>
    </ClInclude>
    <ClInclude Include="Resource.h">
      <Filter>Header Files\Engine</Filter>
    </ClInclude>
    <ClInclude Include="Sound.h">
      <Filter>Header Files\Engine</Filter>
    </ClInclude>
    <ClInclude Include="SoundEffect.h">
      <Filter>Header Files\Engine</Filter>
    </ClInclude>
    <ClInclude Include="Counter.h">
      <Filter>Header Files\Engine Extensions</Filter>
    </ClInclude>
    <ClInclude Include="FrameTimer.h">
      <Filter>Header Files\Engine Extensions</Filter>
    </ClInclude>
    <ClInclude Include="GraphicsFont.h">
      <Filter>Header Files\Engine Extensions</Filter>
    </ClInclude>
    <ClInclude Include="SpriteCodex.h">
      <Filter>Header Files\Engine Extensions</Filter>
    </ClInclude>
    <ClInclude Include="Text.h">
      <Filter>Header Files\Engine Extensions</Filter>
    </ClInclude>
    <ClInclude Include="Vec2.h">
      <Filter>Header Files\Engine Extensions</Filter>
    </ClInclude>
    <ClInclude Include="Border.h">
      <Filter>Header Files\Game</Filter>
    </ClInclude>
    <ClInclude Include="LifeCounter.h">
      <Filter>Header Files\Game</Filter>
    </ClInclude>
    <ClInclude Include="PowerUps.h">
      <Filter>Header Files\Game</Filter>
    </ClInclude>
    <ClInclude Include="Laser.h">
      <Filter>Header Files</Filter>
    </ClInclude>
  </ItemGroup>
  <ItemGroup>
    <ClCompile Include="Ball.cpp">
      <Filter>Source Files\Game</Filter>
    </ClCompile>
    <ClCompile Include="Beveler.cpp">
      <Filter>Source Files\Game</Filter>
    </ClCompile>
    <ClCompile Include="Brick.cpp">
      <Filter>Source Files\Game</Filter>
    </ClCompile>
    <ClCompile Include="Game.cpp">
      <Filter>Source Files\Game</Filter>
    </ClCompile>
    <ClCompile Include="Paddle.cpp">
      <Filter>Source Files\Game</Filter>
    </ClCompile>
    <ClCompile Include="RectF.cpp">
      <Filter>Source Files\Game</Filter>
    </ClCompile>
    <ClCompile Include="Walls.cpp">
      <Filter>Source Files\Game</Filter>
    </ClCompile>
    <ClCompile Include="DXErr.cpp">
      <Filter>Source Files\Engine</Filter>
    </ClCompile>
    <ClCompile Include="Graphics.cpp">
      <Filter>Source Files\Engine</Filter>
    </ClCompile>
    <ClCompile Include="Keyboard.cpp">
      <Filter>Source Files\Engine</Filter>
    </ClCompile>
    <ClCompile Include="Main.cpp">
      <Filter>Source Files\Engine</Filter>
    </ClCompile>
    <ClCompile Include="MainWindow.cpp">
      <Filter>Source Files\Engine</Filter>
    </ClCompile>
    <ClCompile Include="Mouse.cpp">
      <Filter>Source Files\Engine</Filter>
    </ClCompile>
    <ClCompile Include="Sound.cpp">
      <Filter>Source Files\Engine</Filter>
    </ClCompile>
    <ClCompile Include="Counter.cpp">
      <Filter>Source Files\Engine Extensions</Filter>
    </ClCompile>
    <ClCompile Include="FrameTimer.cpp">
      <Filter>Source Files\Engine Extensions</Filter>
    </ClCompile>
    <ClCompile Include="GraphicsFont.cpp">
      <Filter>Source Files\Engine Extensions</Filter>
    </ClCompile>
    <ClCompile Include="SpriteCodex.cpp">
      <Filter>Source Files\Engine Extensions</Filter>
    </ClCompile>
    <ClCompile Include="Text.cpp">
      <Filter>Source Files\Engine Extensions</Filter>
    </ClCompile>
    <ClCompile Include="Vec2.cpp">
      <Filter>Source Files\Engine Extensions</Filter>
    </ClCompile>
    <ClCompile Include="LifeCounter.cpp">
      <Filter>Source Files\Game</Filter>
    </ClCompile>
    <ClCompile Include="PowerUps.cpp">
      <Filter>Source Files\Game</Filter>
    </ClCompile>
    <ClCompile Include="Laser.cpp">
      <Filter>Source Files</Filter>
    </ClCompile>
  </ItemGroup>
  <ItemGroup>
    <FxCompile Include="FramebufferPS.hlsl">
      <Filter>Shaders</Filter>
    </FxCompile>
    <FxCompile Include="FramebufferVS.hlsl">
      <Filter>Shaders</Filter>
    </FxCompile>
  </ItemGroup>
  <ItemGroup>
    <ResourceCompile Include="Resource.rc">
      <Filter>Resource Files</Filter>
    </ResourceCompile>
  </ItemGroup>
  <ItemGroup>
    <Image Include="icon.ico">
      <Filter>Resource Files</Filter>
    </Image>
  </ItemGroup>
  <ItemGroup>
    <Media Include="Sounds\arkbrick.wav">
      <Filter>Sounds</Filter>
    </Media>
    <Media Include="Sounds\arkpad.wav">
      <Filter>Sounds</Filter>
    </Media>
  </ItemGroup>
</Project>